
Microsoft Visual Studio Solution File, Format Version 12.00
# Visual Studio Version 16
VisualStudioVersion = 16.0.31702.278
MinimumVisualStudioVersion = 10.0.40219.1
Project("{FAE04EC0-301F-11D3-BF4B-00C04F79EFBC}") = "Switch-Case", "Switch-Case\Switch-Case.csproj", "{71C5BDE3-7231-4296-80B2-9EED33D83D0C}"
EndProject
Global
	GlobalSection(SolutionConfigurationPlatforms) = preSolution
		Debug|Any CPU = Debug|Any CPU
		Release|Any CPU = Release|Any CPU
	EndGlobalSection
	GlobalSection(ProjectConfigurationPlatforms) = postSolution
		{71C5BDE3-7231-4296-80B2-9EED33D83D0C}.Debug|Any CPU.ActiveCfg = Debug|Any CPU
		{71C5BDE3-7231-4296-80B2-9EED33D83D0C}.Debug|Any CPU.Build.0 = Debug|Any CPU
		{71C5BDE3-7231-4296-80B2-9EED33D83D0C}.Release|Any CPU.ActiveCfg = Release|Any CPU
		{71C5BDE3-7231-4296-80B2-9EED33D83D0C}.Release|Any CPU.Build.0 = Release|Any CPU
	EndGlobalSection
	GlobalSection(SolutionProperties) = preSolution
		HideSolutionNode = FALSE
	EndGlobalSection
	GlobalSection(ExtensibilityGlobals) = postSolution
		SolutionGuid = {36FBAEF0-F100-472E-873E-99337F7C362B}
	EndGlobalSection
EndGlobal
