
Microsoft Visual Studio Solution File, Format Version 12.00
# Visual Studio Version 16
VisualStudioVersion = 16.0.31702.278
MinimumVisualStudioVersion = 10.0.40219.1
Project("{FAE04EC0-301F-11D3-BF4B-00C04F79EFBC}") = "Try-Catch-Finally", "Try-Catch-Finally\Try-Catch-Finally.csproj", "{B44CEA3A-565F-4903-8990-7FBE5224AE57}"
EndProject
Global
	GlobalSection(SolutionConfigurationPlatforms) = preSolution
		Debug|Any CPU = Debug|Any CPU
		Release|Any CPU = Release|Any CPU
	EndGlobalSection
	GlobalSection(ProjectConfigurationPlatforms) = postSolution
		{B44CEA3A-565F-4903-8990-7FBE5224AE57}.Debug|Any CPU.ActiveCfg = Debug|Any CPU
		{B44CEA3A-565F-4903-8990-7FBE5224AE57}.Debug|Any CPU.Build.0 = Debug|Any CPU
		{B44CEA3A-565F-4903-8990-7FBE5224AE57}.Release|Any CPU.ActiveCfg = Release|Any CPU
		{B44CEA3A-565F-4903-8990-7FBE5224AE57}.Release|Any CPU.Build.0 = Release|Any CPU
	EndGlobalSection
	GlobalSection(SolutionProperties) = preSolution
		HideSolutionNode = FALSE
	EndGlobalSection
	GlobalSection(ExtensibilityGlobals) = postSolution
		SolutionGuid = {AB38571E-2406-464B-A02C-71AFF97E1A37}
	EndGlobalSection
EndGlobal
