
Microsoft Visual Studio Solution File, Format Version 12.00
# Visual Studio Version 16
VisualStudioVersion = 16.0.31702.278
MinimumVisualStudioVersion = 10.0.40219.1
Project("{FAE04EC0-301F-11D3-BF4B-00C04F79EFBC}") = "If-Else-Ternary", "If-Else-Ternary\If-Else-Ternary.csproj", "{3E3FA534-1537-4FF1-AA87-C149D1B4528D}"
EndProject
Global
	GlobalSection(SolutionConfigurationPlatforms) = preSolution
		Debug|Any CPU = Debug|Any CPU
		Release|Any CPU = Release|Any CPU
	EndGlobalSection
	GlobalSection(ProjectConfigurationPlatforms) = postSolution
		{3E3FA534-1537-4FF1-AA87-C149D1B4528D}.Debug|Any CPU.ActiveCfg = Debug|Any CPU
		{3E3FA534-1537-4FF1-AA87-C149D1B4528D}.Debug|Any CPU.Build.0 = Debug|Any CPU
		{3E3FA534-1537-4FF1-AA87-C149D1B4528D}.Release|Any CPU.ActiveCfg = Release|Any CPU
		{3E3FA534-1537-4FF1-AA87-C149D1B4528D}.Release|Any CPU.Build.0 = Release|Any CPU
	EndGlobalSection
	GlobalSection(SolutionProperties) = preSolution
		HideSolutionNode = FALSE
	EndGlobalSection
	GlobalSection(ExtensibilityGlobals) = postSolution
		SolutionGuid = {07A91BCA-8659-47BC-B0FE-E27DE3DA179A}
	EndGlobalSection
EndGlobal
